{
  "name": "frontend",
  "lockfileVersion": 2,
  "requires": true,
  "packages": {
    "": {
      "dependencies": {
        "Leaflet.Deflate": "^2.1.0"
      }
    },
    "node_modules/leaflet": {
      "version": "1.9.4",
      "resolved": "https://registry.npmjs.org/leaflet/-/leaflet-1.9.4.tgz",
      "integrity": "sha512-nxS1ynzJOmOlHp+iL3FyWqK89GtNL8U8rvlMOsQdTTssxZwCXh8N2NB3GDQOL+YR3XnWyZAxwQixURb+FA74PA==",
      "peer": true
    },
    "node_modules/Leaflet.Deflate": {
      "version": "2.1.0",
      "resolved": "https://registry.npmjs.org/Leaflet.Deflate/-/Leaflet.Deflate-2.1.0.tgz",
      "integrity": "sha512-Sr7oIN8x90f39EdhEcp8cpsZp7zLg366ZexO9HBGoezKrJskr6jFvgjmSpRdq62TAm7aqo+f/SGqxCeGZUD7Lg==",
      "peerDependencies": {
        "leaflet": "^1.0.0"
      }
    }
  },
  "dependencies": {
    "leaflet": {
      "version": "1.9.4",
      "resolved": "https://registry.npmjs.org/leaflet/-/leaflet-1.9.4.tgz",
      "integrity": "sha512-nxS1ynzJOmOlHp+iL3FyWqK89GtNL8U8rvlMOsQdTTssxZwCXh8N2NB3GDQOL+YR3XnWyZAxwQixURb+FA74PA==",
      "peer": true
    },
    "Leaflet.Deflate": {
      "version": "2.1.0",
      "resolved": "https://registry.npmjs.org/Leaflet.Deflate/-/Leaflet.Deflate-2.1.0.tgz",
      "integrity": "sha512-Sr7oIN8x90f39EdhEcp8cpsZp7zLg366ZexO9HBGoezKrJskr6jFvgjmSpRdq62TAm7aqo+f/SGqxCeGZUD7Lg==",
      "requires": {}
    }
  }
}
