{
  "name": "monitoring_habitat_territory",
  "version": "1.1.0",
  "lockfileVersion": 1,
  "requires": true,
  "dependencies": {
    "Leaflet.Deflate": {
      "version": "2.1.0",
      "resolved": "https://registry.npmjs.org/Leaflet.Deflate/-/Leaflet.Deflate-2.1.0.tgz",
      "integrity": "sha512-Sr7oIN8x90f39EdhEcp8cpsZp7zLg366ZexO9HBGoezKrJskr6jFvgjmSpRdq62TAm7aqo+f/SGqxCeGZUD7Lg=="
    }
  }
}
